
Microsoft Visual Studio Solution File, Format Version 11.00
# Visual Studio 2010
Project("{FAE04EC0-301F-11D3-BF4B-00C04F79EFBC}") = "TinyJson", "TinyJson\TinyJson.csproj", "{E48CC18E-F555-4824-A102-A093893EB0CF}"
EndProject
Project("{FAE04EC0-301F-11D3-BF4B-00C04F79EFBC}") = "TinyJson.Test", "TinyJson.Test\TinyJson.Test.csproj", "{A2392E8D-EDFA-423B-8E48-046D06CE95E8}"
EndProject
Project("{2150E333-8FDC-42A3-9474-1A3956D46DE8}") = "Solution Items", "Solution Items", "{B2ED82D5-42C3-499B-BC0D-472AC611EADD}"
	ProjectSection(SolutionItems) = preProject
		rakefile = rakefile
	EndProjectSection
EndProject
Project("{2150E333-8FDC-42A3-9474-1A3956D46DE8}") = ".nuget", ".nuget", "{02FE8ACB-E8E9-4454-94BA-2B55AB6E8F9E}"
	ProjectSection(SolutionItems) = preProject
		.nuget\packages.config = .nuget\packages.config
	EndProjectSection
EndProject
Global
	GlobalSection(SolutionConfigurationPlatforms) = preSolution
		Debug|Any CPU = Debug|Any CPU
		Debug|Mixed Platforms = Debug|Mixed Platforms
		Debug|x86 = Debug|x86
		Release|Any CPU = Release|Any CPU
		Release|Mixed Platforms = Release|Mixed Platforms
		Release|x86 = Release|x86
	EndGlobalSection
	GlobalSection(ProjectConfigurationPlatforms) = postSolution
		{E48CC18E-F555-4824-A102-A093893EB0CF}.Debug|Any CPU.ActiveCfg = Debug|Any CPU
		{E48CC18E-F555-4824-A102-A093893EB0CF}.Debug|Any CPU.Build.0 = Debug|Any CPU
		{E48CC18E-F555-4824-A102-A093893EB0CF}.Debug|Mixed Platforms.ActiveCfg = Debug|Any CPU
		{E48CC18E-F555-4824-A102-A093893EB0CF}.Debug|Mixed Platforms.Build.0 = Debug|Any CPU
		{E48CC18E-F555-4824-A102-A093893EB0CF}.Debug|x86.ActiveCfg = Debug|Any CPU
		{E48CC18E-F555-4824-A102-A093893EB0CF}.Release|Any CPU.ActiveCfg = Release|Any CPU
		{E48CC18E-F555-4824-A102-A093893EB0CF}.Release|Any CPU.Build.0 = Release|Any CPU
		{E48CC18E-F555-4824-A102-A093893EB0CF}.Release|Mixed Platforms.ActiveCfg = Release|Any CPU
		{E48CC18E-F555-4824-A102-A093893EB0CF}.Release|Mixed Platforms.Build.0 = Release|Any CPU
		{E48CC18E-F555-4824-A102-A093893EB0CF}.Release|x86.ActiveCfg = Release|Any CPU
		{A2392E8D-EDFA-423B-8E48-046D06CE95E8}.Debug|Any CPU.ActiveCfg = Debug|Any CPU
		{A2392E8D-EDFA-423B-8E48-046D06CE95E8}.Debug|Any CPU.Build.0 = Debug|Any CPU
		{A2392E8D-EDFA-423B-8E48-046D06CE95E8}.Debug|Mixed Platforms.ActiveCfg = Debug|Any CPU
		{A2392E8D-EDFA-423B-8E48-046D06CE95E8}.Debug|Mixed Platforms.Build.0 = Debug|Any CPU
		{A2392E8D-EDFA-423B-8E48-046D06CE95E8}.Debug|x86.ActiveCfg = Debug|Any CPU
		{A2392E8D-EDFA-423B-8E48-046D06CE95E8}.Release|Any CPU.ActiveCfg = Release|Any CPU
		{A2392E8D-EDFA-423B-8E48-046D06CE95E8}.Release|Any CPU.Build.0 = Release|Any CPU
		{A2392E8D-EDFA-423B-8E48-046D06CE95E8}.Release|Mixed Platforms.ActiveCfg = Release|Any CPU
		{A2392E8D-EDFA-423B-8E48-046D06CE95E8}.Release|Mixed Platforms.Build.0 = Release|Any CPU
		{A2392E8D-EDFA-423B-8E48-046D06CE95E8}.Release|x86.ActiveCfg = Release|Any CPU
	EndGlobalSection
	GlobalSection(SolutionProperties) = preSolution
		HideSolutionNode = FALSE
	EndGlobalSection
EndGlobal
